{
  "version": 4,
  "terraform_version": "1.0.11",
  "serial": 67,
  "lineage": "6e54ca47-5e28-7005-5507-425c5eb822bf",
  "outputs": {},
  "resources": [
    {
      "mode": "data",
      "type": "archive_file",
      "name": "lambda",
      "provider": "provider[\"registry.terraform.io/hashicorp/archive\"]",
      "instances": [
        {
          "schema_version": 0,
          "attributes": {
            "excludes": null,
            "id": "0c0270486abc917e439d692d24072b2f945137d3",
            "output_base64sha256": "YO6Rs5ylmF4LrSAxwY48j7vtBBY+dpe87gkQaleWhRQ=",
            "output_file_mode": null,
            "output_md5": "34c578a9c184b4ed3a1d70873e0f3c50",
            "output_path": "./lambda/handler.js.zip",
            "output_sha": "0c0270486abc917e439d692d24072b2f945137d3",
            "output_size": 288,
            "source": [],
            "source_content": null,
            "source_content_filename": null,
            "source_dir": null,
            "source_file": "./lambda/handler.js",
            "type": "zip"
          },
          "sensitive_attributes": []
        }
      ]
    },
    {
      "mode": "data",
      "type": "aws_iam_policy_document",
      "name": "cloudwatch",
      "provider": "provider[\"registry.terraform.io/hashicorp/aws\"]",
      "instances": [
        {
          "schema_version": 0,
          "attributes": {
            "id": "1868969784",
            "json": "{\n  \"Version\": \"2012-10-17\",\n  \"Statement\": [\n    {\n      \"Sid\": \"AllowKinesisPermissions\",\n      \"Effect\": \"Allow\",\n      \"Action\": \"kinesis:*\",\n      \"Resource\": \"arn:aws:kinesis:*\"\n    }\n  ]\n}",
            "override_json": null,
            "override_policy_documents": null,
            "policy_id": null,
            "source_json": null,
            "source_policy_documents": null,
            "statement": [
              {
                "actions": [
                  "kinesis:*"
                ],
                "condition": [],
                "effect": "Allow",
                "not_actions": [],
                "not_principals": [],
                "not_resources": [],
                "principals": [],
                "resources": [
                  "arn:aws:kinesis:*"
                ],
                "sid": "AllowKinesisPermissions"
              }
            ],
            "version": "2012-10-17"
          },
          "sensitive_attributes": []
        }
      ]
    },
    {
      "mode": "data",
      "type": "aws_iam_policy_document",
      "name": "lambda",
      "provider": "provider[\"registry.terraform.io/hashicorp/aws\"]",
      "instances": [
        {
          "schema_version": 0,
          "attributes": {
            "id": "2852910170",
            "json": "{\n  \"Version\": \"2012-10-17\",\n  \"Statement\": [\n    {\n      \"Sid\": \"AllowSQSPermissions\",\n      \"Effect\": \"Allow\",\n      \"Action\": [\n        \"sqs:ReceiveMessage\",\n        \"sqs:GetQueueAttributes\",\n        \"sqs:DeleteMessage\",\n        \"sqs:ChangeMessageVisibility\"\n      ],\n      \"Resource\": \"arn:aws:sqs:*\"\n    },\n    {\n      \"Sid\": \"AllowInvokingLambdas\",\n      \"Effect\": \"Allow\",\n      \"Action\": \"lambda:InvokeFunction\",\n      \"Resource\": \"arn:aws:lambda:ap-southeast-1:*:function:*\"\n    },\n    {\n      \"Sid\": \"AllowCreatingLogGroups\",\n      \"Effect\": \"Allow\",\n      \"Action\": \"logs:CreateLogGroup\",\n      \"Resource\": \"arn:aws:logs:ap-southeast-1:*:*\"\n    },\n    {\n      \"Sid\": \"AllowWritingLogs\",\n      \"Effect\": \"Allow\",\n      \"Action\": [\n        \"logs:PutLogEvents\",\n        \"logs:CreateLogStream\"\n      ],\n      \"Resource\": \"arn:aws:logs:ap-southeast-1:*:log-group:/aws/lambda/tf-challenge-lambda:*\"\n    }\n  ]\n}",
            "override_json": null,
            "override_policy_documents": null,
            "policy_id": null,
            "source_json": null,
            "source_policy_documents": null,
            "statement": [
              {
                "actions": [
                  "sqs:ChangeMessageVisibility",
                  "sqs:DeleteMessage",
                  "sqs:GetQueueAttributes",
                  "sqs:ReceiveMessage"
                ],
                "condition": [],
                "effect": "Allow",
                "not_actions": [],
                "not_principals": [],
                "not_resources": [],
                "principals": [],
                "resources": [
                  "arn:aws:sqs:*"
                ],
                "sid": "AllowSQSPermissions"
              },
              {
                "actions": [
                  "lambda:InvokeFunction"
                ],
                "condition": [],
                "effect": "Allow",
                "not_actions": [],
                "not_principals": [],
                "not_resources": [],
                "principals": [],
                "resources": [
                  "arn:aws:lambda:ap-southeast-1:*:function:*"
                ],
                "sid": "AllowInvokingLambdas"
              },
              {
                "actions": [
                  "logs:CreateLogGroup"
                ],
                "condition": [],
                "effect": "Allow",
                "not_actions": [],
                "not_principals": [],
                "not_resources": [],
                "principals": [],
                "resources": [
                  "arn:aws:logs:ap-southeast-1:*:*"
                ],
                "sid": "AllowCreatingLogGroups"
              },
              {
                "actions": [
                  "logs:CreateLogStream",
                  "logs:PutLogEvents"
                ],
                "condition": [],
                "effect": "Allow",
                "not_actions": [],
                "not_principals": [],
                "not_resources": [],
                "principals": [],
                "resources": [
                  "arn:aws:logs:ap-southeast-1:*:log-group:/aws/lambda/tf-challenge-lambda:*"
                ],
                "sid": "AllowWritingLogs"
              }
            ],
            "version": "2012-10-17"
          },
          "sensitive_attributes": []
        }
      ]
    },
    {
      "mode": "data",
      "type": "aws_region",
      "name": "current",
      "provider": "provider[\"registry.terraform.io/hashicorp/aws\"].region",
      "instances": [
        {
          "schema_version": 0,
          "attributes": {
            "description": "Asia Pacific (Singapore)",
            "endpoint": "ec2.ap-southeast-1.amazonaws.com",
            "id": "ap-southeast-1",
            "name": "ap-southeast-1"
          },
          "sensitive_attributes": []
        }
      ]
    },
    {
      "mode": "managed",
      "type": "aws_api_gateway_integration",
      "name": "api",
      "provider": "provider[\"registry.terraform.io/hashicorp/aws\"]",
      "instances": [
        {
          "schema_version": 0,
          "attributes": {
            "cache_key_parameters": [],
            "cache_namespace": "2tsfjkpxnc",
            "connection_id": "",
            "connection_type": "INTERNET",
            "content_handling": "",
            "credentials": "arn:aws:iam::365201099929:role/tf-challenge-api-role",
            "http_method": "POST",
            "id": "agi-ort50gtyrl-2tsfjkpxnc-POST",
            "integration_http_method": "POST",
            "passthrough_behavior": "NEVER",
            "request_parameters": {
              "integration.request.header.Content-Type": "'application/x-www-form-urlencoded'"
            },
            "request_templates": {
              "application/json": "Action=SendMessage\u0026MessageBody=$input.body"
            },
            "resource_id": "2tsfjkpxnc",
            "rest_api_id": "ort50gtyrl",
            "timeout_milliseconds": 29000,
            "tls_config": [],
            "type": "AWS",
            "uri": "arn:aws:apigateway:ap-southeast-1:sqs:path/tf-challenge-queue"
          },
          "sensitive_attributes": [],
          "private": "bnVsbA==",
          "dependencies": [
            "aws_sqs_queue.queue",
            "aws_sqs_queue.queue_deadletter",
            "data.aws_region.current",
            "aws_api_gateway_rest_api.api",
            "aws_iam_role.api"
          ]
        }
      ]
    },
    {
      "mode": "managed",
      "type": "aws_api_gateway_integration_response",
      "name": "response_200",
      "provider": "provider[\"registry.terraform.io/hashicorp/aws\"]",
      "instances": [
        {
          "schema_version": 0,
          "attributes": {
            "content_handling": "",
            "http_method": "POST",
            "id": "agir-ort50gtyrl-2tsfjkpxnc-POST-200",
            "resource_id": "2tsfjkpxnc",
            "response_parameters": {},
            "response_templates": {
              "application/json": "{\"message\": \"great success!\"}"
            },
            "rest_api_id": "ort50gtyrl",
            "selection_pattern": "^2[0-9][0-9]",
            "status_code": "200"
          },
          "sensitive_attributes": [],
          "private": "bnVsbA==",
          "dependencies": [
            "aws_api_gateway_method.api",
            "aws_api_gateway_method_response.response_200",
            "aws_api_gateway_rest_api.api",
            "aws_sqs_queue.queue_deadletter",
            "aws_api_gateway_integration.api",
            "aws_api_gateway_model.api",
            "aws_api_gateway_request_validator.api",
            "aws_iam_role.api",
            "aws_sqs_queue.queue",
            "data.aws_region.current"
          ]
        }
      ]
    },
    {
      "mode": "managed",
      "type": "aws_api_gateway_method",
      "name": "api",
      "provider": "provider[\"registry.terraform.io/hashicorp/aws\"]",
      "instances": [
        {
          "schema_version": 0,
          "attributes": {
            "api_key_required": false,
            "authorization": "NONE",
            "authorization_scopes": [],
            "authorizer_id": "",
            "http_method": "POST",
            "id": "agm-ort50gtyrl-2tsfjkpxnc-POST",
            "operation_name": "",
            "request_models": {
              "application/json": "PayloadValidator"
            },
            "request_parameters": {},
            "request_validator_id": "wku25z",
            "resource_id": "2tsfjkpxnc",
            "rest_api_id": "ort50gtyrl"
          },
          "sensitive_attributes": [],
          "private": "bnVsbA==",
          "dependencies": [
            "aws_api_gateway_model.api",
            "aws_api_gateway_request_validator.api",
            "aws_api_gateway_rest_api.api"
          ]
        }
      ]
    },
    {
      "mode": "managed",
      "type": "aws_api_gateway_method_response",
      "name": "response_200",
      "provider": "provider[\"registry.terraform.io/hashicorp/aws\"]",
      "instances": [
        {
          "schema_version": 0,
          "attributes": {
            "http_method": "POST",
            "id": "agmr-ort50gtyrl-2tsfjkpxnc-POST-200",
            "resource_id": "2tsfjkpxnc",
            "response_models": {
              "application/json": "Empty"
            },
            "response_parameters": {},
            "rest_api_id": "ort50gtyrl",
            "status_code": "200"
          },
          "sensitive_attributes": [],
          "private": "bnVsbA==",
          "dependencies": [
            "aws_api_gateway_model.api",
            "aws_api_gateway_request_validator.api",
            "aws_api_gateway_rest_api.api",
            "aws_api_gateway_method.api"
          ]
        }
      ]
    },
    {
      "mode": "managed",
      "type": "aws_api_gateway_model",
      "name": "api",
      "provider": "provider[\"registry.terraform.io/hashicorp/aws\"]",
      "instances": [
        {
          "schema_version": 0,
          "attributes": {
            "content_type": "application/json",
            "description": "validate the json body content conforms to the below spec",
            "id": "qb0k17",
            "name": "PayloadValidator",
            "rest_api_id": "ort50gtyrl",
            "schema": "{\n  \"type\": \"object\",\n  \"required\": [ \"message\"],\n  \"properties\": {\n    \"message\": { \"type\": \"string\" }\n  }\n}\n"
          },
          "sensitive_attributes": [],
          "private": "bnVsbA==",
          "dependencies": [
            "aws_api_gateway_rest_api.api"
          ]
        }
      ]
    },
    {
      "mode": "managed",
      "type": "aws_api_gateway_request_validator",
      "name": "api",
      "provider": "provider[\"registry.terraform.io/hashicorp/aws\"]",
      "instances": [
        {
          "schema_version": 0,
          "attributes": {
            "id": "wku25z",
            "name": "payload-validator",
            "rest_api_id": "ort50gtyrl",
            "validate_request_body": true,
            "validate_request_parameters": false
          },
          "sensitive_attributes": [],
          "private": "bnVsbA==",
          "dependencies": [
            "aws_api_gateway_rest_api.api"
          ]
        }
      ]
    },
    {
      "mode": "managed",
      "type": "aws_api_gateway_rest_api",
      "name": "api",
      "provider": "provider[\"registry.terraform.io/hashicorp/aws\"]",
      "instances": [
        {
          "schema_version": 0,
          "attributes": {
            "api_key_source": "HEADER",
            "arn": "arn:aws:apigateway:ap-southeast-1::/restapis/ort50gtyrl",
            "binary_media_types": [],
            "body": null,
            "created_date": "2021-11-27T00:14:23Z",
            "description": "POST records to SQS queue",
            "disable_execute_api_endpoint": false,
            "endpoint_configuration": [
              {
                "types": [
                  "EDGE"
                ],
                "vpc_endpoint_ids": []
              }
            ],
            "execution_arn": "arn:aws:execute-api:ap-southeast-1:365201099929:ort50gtyrl",
            "id": "ort50gtyrl",
            "minimum_compression_size": -1,
            "name": "tf-challenge-sqs-api",
            "parameters": null,
            "policy": "",
            "root_resource_id": "2tsfjkpxnc",
            "tags": {},
            "tags_all": {}
          },
          "sensitive_attributes": [],
          "private": "bnVsbA=="
        }
      ]
    },
    {
      "mode": "managed",
      "type": "aws_cloudwatch_log_group",
      "name": "cloudwatch",
      "provider": "provider[\"registry.terraform.io/hashicorp/aws\"]",
      "instances": [
        {
          "schema_version": 0,
          "attributes": {
            "arn": "arn:aws:logs:ap-southeast-1:365201099929:log-group:tf-challenge-message-events",
            "id": "tf-challenge-message-events",
            "kms_key_id": "",
            "name": "tf-challenge-message-events",
            "name_prefix": null,
            "retention_in_days": 0,
            "tags": {},
            "tags_all": {}
          },
          "sensitive_attributes": [],
          "private": "bnVsbA=="
        }
      ]
    },
    {
      "mode": "managed",
      "type": "aws_cloudwatch_log_group",
      "name": "lambda",
      "provider": "provider[\"registry.terraform.io/hashicorp/aws\"]",
      "instances": [
        {
          "schema_version": 0,
          "attributes": {
            "arn": "arn:aws:logs:ap-southeast-1:365201099929:log-group:/aws/lambda/tf-challenge-lambda",
            "id": "/aws/lambda/tf-challenge-lambda",
            "kms_key_id": "",
            "name": "/aws/lambda/tf-challenge-lambda",
            "name_prefix": null,
            "retention_in_days": 14,
            "tags": {},
            "tags_all": {}
          },
          "sensitive_attributes": [],
          "private": "bnVsbA=="
        }
      ]
    },
    {
      "mode": "managed",
      "type": "aws_cloudwatch_log_subscription_filter",
      "name": "cloudwatch",
      "provider": "provider[\"registry.terraform.io/hashicorp/aws\"]",
      "instances": [
        {
          "schema_version": 0,
          "attributes": {
            "destination_arn": "arn:aws:kinesis:ap-southeast-1:365201099929:stream/tf-challenge-kinesis-stream",
            "distribution": "Random",
            "filter_pattern": "[...,loglevel=INFO ,message]",
            "id": "cwlsf-2566265285",
            "log_group_name": "/aws/lambda/tf-challenge-lambda",
            "name": "tf-challenge-log-subscription",
            "role_arn": "arn:aws:iam::365201099929:role/terraform-20211127003321113900000002"
          },
          "sensitive_attributes": [],
          "private": "bnVsbA==",
          "dependencies": [
            "aws_iam_role.cloudwatch",
            "aws_kinesis_stream.kinesis"
          ]
        }
      ]
    },
    {
      "mode": "managed",
      "type": "aws_glue_catalog_database",
      "name": "kinesis",
      "provider": "provider[\"registry.terraform.io/hashicorp/aws\"]",
      "instances": [
        {
          "schema_version": 0,
          "attributes": {
            "arn": "arn:aws:glue:ap-southeast-1:365201099929:database/tf-challenge-glue-database",
            "catalog_id": "365201099929",
            "description": "",
            "id": "365201099929:tf-challenge-glue-database",
            "location_uri": "",
            "name": "tf-challenge-glue-database",
            "parameters": null,
            "target_database": []
          },
          "sensitive_attributes": [],
          "private": "bnVsbA=="
        }
      ]
    },
    {
      "mode": "managed",
      "type": "aws_glue_catalog_table",
      "name": "kinesis",
      "provider": "provider[\"registry.terraform.io/hashicorp/aws\"]",
      "instances": [
        {
          "schema_version": 0,
          "attributes": {
            "arn": "arn:aws:glue:ap-southeast-1:365201099929:table/tf-challenge-glue-database/tf-challenge-glue-table",
            "catalog_id": "365201099929",
            "database_name": "tf-challenge-glue-database",
            "description": "",
            "id": "365201099929:tf-challenge-glue-database:tf-challenge-glue-table",
            "name": "tf-challenge-glue-table",
            "owner": "",
            "parameters": {
              "EXTERNAL": "TRUE",
              "parquet.compression": "SNAPPY"
            },
            "partition_index": null,
            "partition_keys": [],
            "retention": 0,
            "storage_descriptor": [
              {
                "bucket_columns": null,
                "columns": [
                  {
                    "comment": "",
                    "name": "message",
                    "parameters": null,
                    "type": "string"
                  }
                ],
                "compressed": false,
                "input_format": "org.apache.hadoop.mapred.TextInputFormat",
                "location": "arn:aws:s3:::tf-challenge-kinesis-bucket",
                "number_of_buckets": 0,
                "output_format": "org.apache.hadoop.hive.ql.io.parquet.MapredParquetOutputFormat",
                "parameters": {
                  "streamARN": "arn:aws:kinesis:ap-southeast-1:365201099929:stream/tf-challenge-kinesis-stream",
                  "typeOfData": "kinesis"
                },
                "schema_reference": [],
                "ser_de_info": [],
                "skewed_info": [],
                "sort_columns": [],
                "stored_as_sub_directories": false
              }
            ],
            "table_type": "EXTERNAL_TABLE",
            "target_table": [],
            "view_expanded_text": "",
            "view_original_text": ""
          },
          "sensitive_attributes": [],
          "private": "bnVsbA==",
          "dependencies": [
            "aws_glue_catalog_database.kinesis",
            "aws_kinesis_stream.kinesis",
            "aws_s3_bucket.kinesis"
          ]
        }
      ]
    },
    {
      "mode": "managed",
      "type": "aws_iam_policy",
      "name": "api",
      "provider": "provider[\"registry.terraform.io/hashicorp/aws\"]",
      "instances": [
        {
          "schema_version": 0,
          "attributes": {
            "arn": "arn:aws:iam::365201099929:policy/tf-challenge-api-sqs-policy",
            "description": "",
            "id": "arn:aws:iam::365201099929:policy/tf-challenge-api-sqs-policy",
            "name": "tf-challenge-api-sqs-policy",
            "name_prefix": null,
            "path": "/",
            "policy": "{\n    \"Version\": \"2012-10-17\",\n    \"Statement\": [\n      {\n        \"Effect\": \"Allow\",\n        \"Action\": [\n          \"logs:CreateLogGroup\",\n          \"logs:CreateLogStream\",\n          \"logs:DescribeLogGroups\",\n          \"logs:DescribeLogStreams\",\n          \"logs:PutLogEvents\",\n          \"logs:GetLogEvents\",\n          \"logs:FilterLogEvents\"\n        ],\n        \"Resource\": \"*\"\n      },\n      {\n        \"Effect\": \"Allow\",\n        \"Action\": [\n          \"sqs:GetQueueUrl\",\n          \"sqs:ChangeMessageVisibility\",\n          \"sqs:ListDeadLetterSourceQueues\",\n          \"sqs:SendMessageBatch\",\n          \"sqs:PurgeQueue\",\n          \"sqs:ReceiveMessage\",\n          \"sqs:SendMessage\",\n          \"sqs:GetQueueAttributes\",\n          \"sqs:CreateQueue\",\n          \"sqs:ListQueueTags\",\n          \"sqs:ChangeMessageVisibilityBatch\",\n          \"sqs:SetQueueAttributes\"\n        ],\n        \"Resource\": \"arn:aws:sqs:ap-southeast-1:365201099929:tf-challenge-queue\"\n      },\n      {\n        \"Effect\": \"Allow\",\n        \"Action\": \"sqs:ListQueues\",\n        \"Resource\": \"*\"\n      }      \n    ]\n}\n",
            "policy_id": "ANPAVKB5ORSMSQORPWISB",
            "tags": {},
            "tags_all": {}
          },
          "sensitive_attributes": [],
          "private": "bnVsbA==",
          "dependencies": [
            "aws_sqs_queue.queue",
            "aws_sqs_queue.queue_deadletter"
          ]
        }
      ]
    },
    {
      "mode": "managed",
      "type": "aws_iam_policy",
      "name": "cloudwatch",
      "provider": "provider[\"registry.terraform.io/hashicorp/aws\"]",
      "instances": [
        {
          "schema_version": 0,
          "attributes": {
            "arn": "arn:aws:iam::365201099929:policy/terraform-20211127003321113800000001",
            "description": "",
            "id": "arn:aws:iam::365201099929:policy/terraform-20211127003321113800000001",
            "name": "terraform-20211127003321113800000001",
            "name_prefix": null,
            "path": "/",
            "policy": "{\n  \"Version\": \"2012-10-17\",\n  \"Statement\": [\n    {\n      \"Sid\": \"AllowKinesisPermissions\",\n      \"Effect\": \"Allow\",\n      \"Action\": \"kinesis:*\",\n      \"Resource\": \"arn:aws:kinesis:*\"\n    }\n  ]\n}",
            "policy_id": "ANPAVKB5ORSMUHYRQW5JS",
            "tags": {},
            "tags_all": {}
          },
          "sensitive_attributes": [],
          "private": "bnVsbA==",
          "dependencies": [
            "data.aws_iam_policy_document.cloudwatch"
          ]
        }
      ]
    },
    {
      "mode": "managed",
      "type": "aws_iam_policy",
      "name": "lambda",
      "provider": "provider[\"registry.terraform.io/hashicorp/aws\"]",
      "instances": [
        {
          "schema_version": 0,
          "attributes": {
            "arn": "arn:aws:iam::365201099929:policy/terraform-20211127001421710900000002",
            "description": "",
            "id": "arn:aws:iam::365201099929:policy/terraform-20211127001421710900000002",
            "name": "terraform-20211127001421710900000002",
            "name_prefix": null,
            "path": "/",
            "policy": "{\n  \"Version\": \"2012-10-17\",\n  \"Statement\": [\n    {\n      \"Sid\": \"AllowSQSPermissions\",\n      \"Effect\": \"Allow\",\n      \"Action\": [\n        \"sqs:ReceiveMessage\",\n        \"sqs:GetQueueAttributes\",\n        \"sqs:DeleteMessage\",\n        \"sqs:ChangeMessageVisibility\"\n      ],\n      \"Resource\": \"arn:aws:sqs:*\"\n    },\n    {\n      \"Sid\": \"AllowInvokingLambdas\",\n      \"Effect\": \"Allow\",\n      \"Action\": \"lambda:InvokeFunction\",\n      \"Resource\": \"arn:aws:lambda:ap-southeast-1:*:function:*\"\n    },\n    {\n      \"Sid\": \"AllowCreatingLogGroups\",\n      \"Effect\": \"Allow\",\n      \"Action\": \"logs:CreateLogGroup\",\n      \"Resource\": \"arn:aws:logs:ap-southeast-1:*:*\"\n    },\n    {\n      \"Sid\": \"AllowWritingLogs\",\n      \"Effect\": \"Allow\",\n      \"Action\": [\n        \"logs:PutLogEvents\",\n        \"logs:CreateLogStream\"\n      ],\n      \"Resource\": \"arn:aws:logs:ap-southeast-1:*:log-group:/aws/lambda/tf-challenge-lambda:*\"\n    }\n  ]\n}",
            "policy_id": "ANPAVKB5ORSM7VPNLLTQP",
            "tags": {},
            "tags_all": {}
          },
          "sensitive_attributes": [],
          "private": "bnVsbA==",
          "dependencies": [
            "data.aws_iam_policy_document.lambda"
          ]
        }
      ]
    },
    {
      "mode": "managed",
      "type": "aws_iam_role",
      "name": "api",
      "provider": "provider[\"registry.terraform.io/hashicorp/aws\"]",
      "instances": [
        {
          "schema_version": 0,
          "attributes": {
            "arn": "arn:aws:iam::365201099929:role/tf-challenge-api-role",
            "assume_role_policy": "{\"Version\":\"2012-10-17\",\"Statement\":[{\"Sid\":\"\",\"Effect\":\"Allow\",\"Principal\":{\"Service\":\"apigateway.amazonaws.com\"},\"Action\":\"sts:AssumeRole\"}]}",
            "create_date": "2021-11-27T00:14:22Z",
            "description": "",
            "force_detach_policies": false,
            "id": "tf-challenge-api-role",
            "inline_policy": [
              {
                "name": "",
                "policy": ""
              }
            ],
            "managed_policy_arns": [
              "arn:aws:iam::365201099929:policy/tf-challenge-api-sqs-policy"
            ],
            "max_session_duration": 3600,
            "name": "tf-challenge-api-role",
            "name_prefix": "",
            "path": "/",
            "permissions_boundary": null,
            "tags": {},
            "tags_all": {},
            "unique_id": "AROAVKB5ORSM2CGQX2WDS"
          },
          "sensitive_attributes": [],
          "private": "bnVsbA=="
        }
      ]
    },
    {
      "mode": "managed",
      "type": "aws_iam_role",
      "name": "cloudwatch",
      "provider": "provider[\"registry.terraform.io/hashicorp/aws\"]",
      "instances": [
        {
          "schema_version": 0,
          "attributes": {
            "arn": "arn:aws:iam::365201099929:role/terraform-20211127003321113900000002",
            "assume_role_policy": "{\"Version\":\"2012-10-17\",\"Statement\":[{\"Effect\":\"Allow\",\"Principal\":{\"Service\":\"logs.amazonaws.com\"},\"Action\":\"sts:AssumeRole\"}]}",
            "create_date": "2021-11-27T00:33:22Z",
            "description": "",
            "force_detach_policies": false,
            "id": "terraform-20211127003321113900000002",
            "inline_policy": [
              {
                "name": "",
                "policy": ""
              }
            ],
            "managed_policy_arns": [
              "arn:aws:iam::365201099929:policy/terraform-20211127003321113800000001"
            ],
            "max_session_duration": 3600,
            "name": "terraform-20211127003321113900000002",
            "name_prefix": "terraform-",
            "path": "/",
            "permissions_boundary": null,
            "tags": {},
            "tags_all": {},
            "unique_id": "AROAVKB5ORSM3O4OUZR4Q"
          },
          "sensitive_attributes": [],
          "private": "bnVsbA=="
        }
      ]
    },
    {
      "mode": "managed",
      "type": "aws_iam_role",
      "name": "kinesis",
      "provider": "provider[\"registry.terraform.io/hashicorp/aws\"]",
      "instances": [
        {
          "schema_version": 0,
          "attributes": {
            "arn": "arn:aws:iam::365201099929:role/tf-challenge-stream-consumer-firehose-role",
            "assume_role_policy": "{\"Version\":\"2012-10-17\",\"Statement\":[{\"Sid\":\"\",\"Effect\":\"Allow\",\"Principal\":{\"Service\":\"firehose.amazonaws.com\"},\"Action\":\"sts:AssumeRole\"}]}",
            "create_date": "2021-11-27T02:09:38Z",
            "description": "",
            "force_detach_policies": false,
            "id": "tf-challenge-stream-consumer-firehose-role",
            "inline_policy": [
              {
                "name": "tf-challenge-stream-consumer-firehose-inline_policy",
                "policy": "{\n  \"Version\": \"2012-10-17\",\n  \"Statement\": [\n    {\n      \"Effect\": \"Allow\",\n      \"Action\": [\n        \"glue:*\",\n        \"s3:*\",\n        \"logs:*\"\n      ],\n      \"Resource\": \"*\"\n    }\n  ]\n}\n"
              }
            ],
            "managed_policy_arns": [],
            "max_session_duration": 3600,
            "name": "tf-challenge-stream-consumer-firehose-role",
            "name_prefix": "",
            "path": "/",
            "permissions_boundary": null,
            "tags": {},
            "tags_all": {},
            "unique_id": "AROAVKB5ORSMVQ5MDP4FC"
          },
          "sensitive_attributes": [],
          "private": "bnVsbA=="
        }
      ]
    },
    {
      "mode": "managed",
      "type": "aws_iam_role",
      "name": "lambda",
      "provider": "provider[\"registry.terraform.io/hashicorp/aws\"]",
      "instances": [
        {
          "schema_version": 0,
          "attributes": {
            "arn": "arn:aws:iam::365201099929:role/terraform-20211127001421710500000001",
            "assume_role_policy": "{\"Version\":\"2012-10-17\",\"Statement\":[{\"Effect\":\"Allow\",\"Principal\":{\"Service\":\"lambda.amazonaws.com\"},\"Action\":\"sts:AssumeRole\"}]}",
            "create_date": "2021-11-27T00:14:22Z",
            "description": "",
            "force_detach_policies": false,
            "id": "terraform-20211127001421710500000001",
            "inline_policy": [
              {
                "name": "",
                "policy": ""
              }
            ],
            "managed_policy_arns": [
              "arn:aws:iam::365201099929:policy/terraform-20211127001421710900000002"
            ],
            "max_session_duration": 3600,
            "name": "terraform-20211127001421710500000001",
            "name_prefix": "terraform-",
            "path": "/",
            "permissions_boundary": null,
            "tags": {},
            "tags_all": {},
            "unique_id": "AROAVKB5ORSM7CMU7O4I2"
          },
          "sensitive_attributes": [],
          "private": "bnVsbA=="
        }
      ]
    },
    {
      "mode": "managed",
      "type": "aws_iam_role_policy",
      "name": "kinesis",
      "provider": "provider[\"registry.terraform.io/hashicorp/aws\"]",
      "instances": [
        {
          "schema_version": 0,
          "attributes": {
            "id": "tf-challenge-stream-consumer-firehose-role:tf-challenge-stream-consumer-firehose-inline_policy",
            "name": "tf-challenge-stream-consumer-firehose-inline_policy",
            "name_prefix": null,
            "policy": "{\n  \"Version\": \"2012-10-17\",\n  \"Statement\": [\n    {\n      \"Effect\": \"Allow\",\n      \"Action\": [\n        \"glue:*\",\n        \"s3:*\",\n        \"logs:*\"\n      ],\n      \"Resource\": \"*\"\n    }\n  ]\n}\n",
            "role": "tf-challenge-stream-consumer-firehose-role"
          },
          "sensitive_attributes": [],
          "private": "bnVsbA==",
          "dependencies": [
            "aws_iam_role.kinesis"
          ]
        }
      ]
    },
    {
      "mode": "managed",
      "type": "aws_iam_role_policy_attachment",
      "name": "api",
      "provider": "provider[\"registry.terraform.io/hashicorp/aws\"]",
      "instances": [
        {
          "schema_version": 0,
          "attributes": {
            "id": "tf-challenge-api-role-20211127001428518500000003",
            "policy_arn": "arn:aws:iam::365201099929:policy/tf-challenge-api-sqs-policy",
            "role": "tf-challenge-api-role"
          },
          "sensitive_attributes": [],
          "private": "bnVsbA==",
          "dependencies": [
            "aws_iam_role.api",
            "aws_sqs_queue.queue",
            "aws_sqs_queue.queue_deadletter",
            "aws_iam_policy.api"
          ]
        }
      ]
    },
    {
      "mode": "managed",
      "type": "aws_iam_role_policy_attachment",
      "name": "cloudwatch",
      "provider": "provider[\"registry.terraform.io/hashicorp/aws\"]",
      "instances": [
        {
          "schema_version": 0,
          "attributes": {
            "id": "terraform-20211127003321113900000002-20211127003327431400000003",
            "policy_arn": "arn:aws:iam::365201099929:policy/terraform-20211127003321113800000001",
            "role": "terraform-20211127003321113900000002"
          },
          "sensitive_attributes": [],
          "private": "bnVsbA==",
          "dependencies": [
            "aws_iam_role.cloudwatch",
            "data.aws_iam_policy_document.cloudwatch",
            "aws_iam_policy.cloudwatch"
          ]
        }
      ]
    },
    {
      "mode": "managed",
      "type": "aws_iam_role_policy_attachment",
      "name": "lambda",
      "provider": "provider[\"registry.terraform.io/hashicorp/aws\"]",
      "instances": [
        {
          "schema_version": 0,
          "attributes": {
            "id": "terraform-20211127001421710500000001-20211127001428547700000004",
            "policy_arn": "arn:aws:iam::365201099929:policy/terraform-20211127001421710900000002",
            "role": "terraform-20211127001421710500000001"
          },
          "sensitive_attributes": [],
          "private": "bnVsbA==",
          "dependencies": [
            "aws_iam_policy.lambda",
            "aws_iam_role.lambda",
            "data.aws_iam_policy_document.lambda"
          ]
        }
      ]
    },
    {
      "mode": "managed",
      "type": "aws_kinesis_firehose_delivery_stream",
      "name": "kinesis",
      "provider": "provider[\"registry.terraform.io/hashicorp/aws\"]",
      "instances": [
        {
          "schema_version": 1,
          "attributes": {
            "arn": "arn:aws:firehose:ap-southeast-1:365201099929:deliverystream/tf-challenge-firehose-delivery-stream",
            "destination": "extended_s3",
            "destination_id": "destinationId-000000000001",
            "elasticsearch_configuration": [],
            "extended_s3_configuration": [
              {
                "bucket_arn": "arn:aws:s3:::tf-challenge-kinesis-bucket",
                "buffer_interval": 60,
                "buffer_size": 64,
                "cloudwatch_logging_options": [
                  {
                    "enabled": true,
                    "log_group_name": "/aws/kinesis_firehose_delivery_stream/kinesis",
                    "log_stream_name": "kinesis"
                  }
                ],
                "compression_format": "UNCOMPRESSED",
                "data_format_conversion_configuration": [
                  {
                    "enabled": true,
                    "input_format_configuration": [
                      {
                        "deserializer": [
                          {
                            "hive_json_ser_de": [],
                            "open_x_json_ser_de": [
                              {
                                "case_insensitive": true,
                                "column_to_json_key_mappings": null,
                                "convert_dots_in_json_keys_to_underscores": false
                              }
                            ]
                          }
                        ]
                      }
                    ],
                    "output_format_configuration": [
                      {
                        "serializer": [
                          {
                            "orc_ser_de": [],
                            "parquet_ser_de": [
                              {
                                "block_size_bytes": 268435456,
                                "compression": "SNAPPY",
                                "enable_dictionary_compression": false,
                                "max_padding_bytes": 0,
                                "page_size_bytes": 1048576,
                                "writer_version": "V1"
                              }
                            ]
                          }
                        ]
                      }
                    ],
                    "schema_configuration": [
                      {
                        "catalog_id": "",
                        "database_name": "tf-challenge-glue-database",
                        "region": "ap-southeast-1",
                        "role_arn": "arn:aws:iam::365201099929:role/tf-challenge-stream-consumer-firehose-role",
                        "table_name": "tf-challenge-glue-table",
                        "version_id": "LATEST"
                      }
                    ]
                  }
                ],
                "dynamic_partitioning_configuration": [],
                "error_output_prefix": "error=!{firehose:error-output-type}data=!{timestamp:yyyy}-!{timestamp:MM}-!{timestamp:dd}/",
                "kms_key_arn": "",
                "prefix": "data=!{timestamp:yyyy}-!{timestamp:MM}-!{timestamp:dd}/",
                "processing_configuration": [
                  {
                    "enabled": false,
                    "processors": []
                  }
                ],
                "role_arn": "arn:aws:iam::365201099929:role/tf-challenge-stream-consumer-firehose-role",
                "s3_backup_configuration": [],
                "s3_backup_mode": "Disabled"
              }
            ],
            "http_endpoint_configuration": [],
            "id": "arn:aws:firehose:ap-southeast-1:365201099929:deliverystream/tf-challenge-firehose-delivery-stream",
            "kinesis_source_configuration": [],
            "name": "tf-challenge-firehose-delivery-stream",
            "redshift_configuration": [],
            "s3_configuration": [],
            "server_side_encryption": [
              {
                "enabled": false,
                "key_arn": "",
                "key_type": "AWS_OWNED_CMK"
              }
            ],
            "splunk_configuration": [],
            "tags": null,
            "tags_all": {},
            "version_id": "1"
          },
          "sensitive_attributes": [],
          "private": "eyJzY2hlbWFfdmVyc2lvbiI6IjEifQ==",
          "dependencies": [
            "aws_glue_catalog_database.kinesis",
            "aws_glue_catalog_table.kinesis",
            "aws_iam_role.kinesis",
            "aws_kinesis_stream.kinesis",
            "aws_s3_bucket.kinesis",
            "data.aws_region.current"
          ]
        }
      ]
    },
    {
      "mode": "managed",
      "type": "aws_kinesis_stream",
      "name": "kinesis",
      "provider": "provider[\"registry.terraform.io/hashicorp/aws\"]",
      "instances": [
        {
          "schema_version": 1,
          "attributes": {
            "arn": "arn:aws:kinesis:ap-southeast-1:365201099929:stream/tf-challenge-kinesis-stream",
            "encryption_type": "NONE",
            "enforce_consumer_deletion": false,
            "id": "arn:aws:kinesis:ap-southeast-1:365201099929:stream/tf-challenge-kinesis-stream",
            "kms_key_id": "",
            "name": "tf-challenge-kinesis-stream",
            "retention_period": 48,
            "shard_count": 1,
            "shard_level_metrics": [
              "IncomingBytes",
              "OutgoingBytes"
            ],
            "tags": {},
            "tags_all": {},
            "timeouts": null
          },
          "sensitive_attributes": [],
          "private": "eyJlMmJmYjczMC1lY2FhLTExZTYtOGY4OC0zNDM2M2JjN2M0YzAiOnsiY3JlYXRlIjozMDAwMDAwMDAwMDAsImRlbGV0ZSI6NzIwMDAwMDAwMDAwMCwidXBkYXRlIjo3MjAwMDAwMDAwMDAwfSwic2NoZW1hX3ZlcnNpb24iOiIxIn0="
        }
      ]
    },
    {
      "mode": "managed",
      "type": "aws_kinesis_stream_consumer",
      "name": "kinesis",
      "provider": "provider[\"registry.terraform.io/hashicorp/aws\"]",
      "instances": [
        {
          "schema_version": 0,
          "attributes": {
            "arn": "arn:aws:kinesis:ap-southeast-1:365201099929:stream/tf-challenge-kinesis-stream/consumer/tf-challenge-kinesis-consumer:1637972103",
            "creation_timestamp": "2021-11-27T00:15:03Z",
            "id": "arn:aws:kinesis:ap-southeast-1:365201099929:stream/tf-challenge-kinesis-stream/consumer/tf-challenge-kinesis-consumer:1637972103",
            "name": "tf-challenge-kinesis-consumer",
            "stream_arn": "arn:aws:kinesis:ap-southeast-1:365201099929:stream/tf-challenge-kinesis-stream"
          },
          "sensitive_attributes": [],
          "private": "bnVsbA==",
          "dependencies": [
            "aws_kinesis_stream.kinesis"
          ]
        }
      ]
    },
    {
      "mode": "managed",
      "type": "aws_lambda_event_source_mapping",
      "name": "lambda",
      "provider": "provider[\"registry.terraform.io/hashicorp/aws\"]",
      "instances": [
        {
          "schema_version": 0,
          "attributes": {
            "batch_size": 1,
            "bisect_batch_on_function_error": false,
            "destination_config": [],
            "enabled": true,
            "event_source_arn": "arn:aws:sqs:ap-southeast-1:365201099929:tf-challenge-queue",
            "function_arn": "arn:aws:lambda:ap-southeast-1:365201099929:function:tf-challenge-lambda",
            "function_name": "arn:aws:lambda:ap-southeast-1:365201099929:function:tf-challenge-lambda",
            "function_response_types": [],
            "id": "be300f52-7998-46ca-bbe2-97beb9953475",
            "last_modified": "2021-11-27T00:22:56Z",
            "last_processing_result": "",
            "maximum_batching_window_in_seconds": 0,
            "maximum_record_age_in_seconds": 0,
            "maximum_retry_attempts": 0,
            "parallelization_factor": 0,
            "queues": [],
            "self_managed_event_source": [],
            "source_access_configuration": [],
            "starting_position": "",
            "starting_position_timestamp": "",
            "state": "Enabled",
            "state_transition_reason": "USER_INITIATED",
            "topics": [],
            "tumbling_window_in_seconds": 0,
            "uuid": "be300f52-7998-46ca-bbe2-97beb9953475"
          },
          "sensitive_attributes": [],
          "private": "bnVsbA==",
          "dependencies": [
            "aws_iam_role.lambda",
            "aws_lambda_function.lambda",
            "aws_sqs_queue.queue",
            "aws_sqs_queue.queue_deadletter",
            "data.archive_file.lambda"
          ]
        }
      ]
    },
    {
      "mode": "managed",
      "type": "aws_lambda_function",
      "name": "lambda",
      "provider": "provider[\"registry.terraform.io/hashicorp/aws\"]",
      "instances": [
        {
          "schema_version": 0,
          "attributes": {
            "architectures": [
              "x86_64"
            ],
            "arn": "arn:aws:lambda:ap-southeast-1:365201099929:function:tf-challenge-lambda",
            "code_signing_config_arn": "",
            "dead_letter_config": [],
            "description": "",
            "environment": [],
            "file_system_config": [],
            "filename": "./lambda/handler.js.zip",
            "function_name": "tf-challenge-lambda",
            "handler": "handler.handler",
            "id": "tf-challenge-lambda",
            "image_config": [],
            "image_uri": "",
            "invoke_arn": "arn:aws:apigateway:ap-southeast-1:lambda:path/2015-03-31/functions/arn:aws:lambda:ap-southeast-1:365201099929:function:tf-challenge-lambda/invocations",
            "kms_key_arn": "",
            "last_modified": "2021-11-27T01:50:12.000+0000",
            "layers": [],
            "memory_size": 128,
            "package_type": "Zip",
            "publish": false,
            "qualified_arn": "arn:aws:lambda:ap-southeast-1:365201099929:function:tf-challenge-lambda:$LATEST",
            "reserved_concurrent_executions": -1,
            "role": "arn:aws:iam::365201099929:role/terraform-20211127001421710500000001",
            "runtime": "nodejs14.x",
            "s3_bucket": null,
            "s3_key": null,
            "s3_object_version": null,
            "signing_job_arn": "",
            "signing_profile_version_arn": "",
            "source_code_hash": "YO6Rs5ylmF4LrSAxwY48j7vtBBY+dpe87gkQaleWhRQ=",
            "source_code_size": 288,
            "tags": {},
            "tags_all": {},
            "timeout": 59,
            "timeouts": null,
            "tracing_config": [
              {
                "mode": "PassThrough"
              }
            ],
            "version": "$LATEST",
            "vpc_config": []
          },
          "sensitive_attributes": [],
          "private": "eyJlMmJmYjczMC1lY2FhLTExZTYtOGY4OC0zNDM2M2JjN2M0YzAiOnsiY3JlYXRlIjo2MDAwMDAwMDAwMDB9fQ==",
          "dependencies": [
            "aws_iam_role.lambda",
            "data.archive_file.lambda"
          ]
        }
      ]
    },
    {
      "mode": "managed",
      "type": "aws_s3_bucket",
      "name": "kinesis",
      "provider": "provider[\"registry.terraform.io/hashicorp/aws\"]",
      "instances": [
        {
          "schema_version": 0,
          "attributes": {
            "acceleration_status": "",
            "acl": "private",
            "arn": "arn:aws:s3:::tf-challenge-kinesis-bucket",
            "bucket": "tf-challenge-kinesis-bucket",
            "bucket_domain_name": "tf-challenge-kinesis-bucket.s3.amazonaws.com",
            "bucket_prefix": null,
            "bucket_regional_domain_name": "tf-challenge-kinesis-bucket.s3.ap-southeast-1.amazonaws.com",
            "cors_rule": [],
            "force_destroy": false,
            "grant": [],
            "hosted_zone_id": "Z3O0J2DXBE1FTB",
            "id": "tf-challenge-kinesis-bucket",
            "lifecycle_rule": [],
            "logging": [],
            "object_lock_configuration": [],
            "policy": null,
            "region": "ap-southeast-1",
            "replication_configuration": [],
            "request_payer": "BucketOwner",
            "server_side_encryption_configuration": [],
            "tags": {
              "Environment": "Dev",
              "Name": "My bucket"
            },
            "tags_all": {
              "Environment": "Dev",
              "Name": "My bucket"
            },
            "versioning": [
              {
                "enabled": false,
                "mfa_delete": false
              }
            ],
            "website": [],
            "website_domain": null,
            "website_endpoint": null
          },
          "sensitive_attributes": [],
          "private": "bnVsbA=="
        }
      ]
    },
    {
      "mode": "managed",
      "type": "aws_sqs_queue",
      "name": "queue",
      "provider": "provider[\"registry.terraform.io/hashicorp/aws\"]",
      "instances": [
        {
          "schema_version": 0,
          "attributes": {
            "arn": "arn:aws:sqs:ap-southeast-1:365201099929:tf-challenge-queue",
            "content_based_deduplication": false,
            "deduplication_scope": "",
            "delay_seconds": 0,
            "fifo_queue": false,
            "fifo_throughput_limit": "",
            "id": "https://sqs.ap-southeast-1.amazonaws.com/365201099929/tf-challenge-queue",
            "kms_data_key_reuse_period_seconds": 300,
            "kms_master_key_id": "",
            "max_message_size": 262144,
            "message_retention_seconds": 345600,
            "name": "tf-challenge-queue",
            "name_prefix": "",
            "policy": "",
            "receive_wait_time_seconds": 0,
            "redrive_policy": "{\"deadLetterTargetArn\":\"arn:aws:sqs:ap-southeast-1:365201099929:tf-challenge-queue-deadletter\",\"maxReceiveCount\":3}",
            "tags": {},
            "tags_all": {},
            "url": "https://sqs.ap-southeast-1.amazonaws.com/365201099929/tf-challenge-queue",
            "visibility_timeout_seconds": 60
          },
          "sensitive_attributes": [],
          "private": "bnVsbA==",
          "dependencies": [
            "aws_sqs_queue.queue_deadletter"
          ]
        }
      ]
    },
    {
      "mode": "managed",
      "type": "aws_sqs_queue",
      "name": "queue_deadletter",
      "provider": "provider[\"registry.terraform.io/hashicorp/aws\"]",
      "instances": [
        {
          "schema_version": 0,
          "attributes": {
            "arn": "arn:aws:sqs:ap-southeast-1:365201099929:tf-challenge-queue-deadletter",
            "content_based_deduplication": false,
            "deduplication_scope": "",
            "delay_seconds": 0,
            "fifo_queue": false,
            "fifo_throughput_limit": "",
            "id": "https://sqs.ap-southeast-1.amazonaws.com/365201099929/tf-challenge-queue-deadletter",
            "kms_data_key_reuse_period_seconds": 300,
            "kms_master_key_id": "",
            "max_message_size": 262144,
            "message_retention_seconds": 1209600,
            "name": "tf-challenge-queue-deadletter",
            "name_prefix": "",
            "policy": "",
            "receive_wait_time_seconds": 0,
            "redrive_policy": "",
            "tags": {},
            "tags_all": {},
            "url": "https://sqs.ap-southeast-1.amazonaws.com/365201099929/tf-challenge-queue-deadletter",
            "visibility_timeout_seconds": 30
          },
          "sensitive_attributes": [],
          "private": "bnVsbA=="
        }
      ]
    }
  ]
}
